
Microsoft Visual Studio Solution File, Format Version 12.00
# Visual Studio Version 17
VisualStudioVersion = 17.1.31903.286
MinimumVisualStudioVersion = 10.0.40219.1
Project("{FAE04EC0-301F-11D3-BF4B-00C04F79EFBC}") = "MinerAdmin", "MinerAdmin\MinerAdmin.csproj", "{9F1B042F-AE02-40C7-B1C4-3936AEBE743A}"
EndProject
Global
	GlobalSection(SolutionConfigurationPlatforms) = preSolution
		Debug|Any CPU = Debug|Any CPU
		Release|Any CPU = Release|Any CPU
	EndGlobalSection
	GlobalSection(ProjectConfigurationPlatforms) = postSolution
		{9F1B042F-AE02-40C7-B1C4-3936AEBE743A}.Debug|Any CPU.ActiveCfg = Debug|Any CPU
		{9F1B042F-AE02-40C7-B1C4-3936AEBE743A}.Debug|Any CPU.Build.0 = Debug|Any CPU
		{9F1B042F-AE02-40C7-B1C4-3936AEBE743A}.Release|Any CPU.ActiveCfg = Release|Any CPU
		{9F1B042F-AE02-40C7-B1C4-3936AEBE743A}.Release|Any CPU.Build.0 = Release|Any CPU
	EndGlobalSection
	GlobalSection(SolutionProperties) = preSolution
		HideSolutionNode = FALSE
	EndGlobalSection
	GlobalSection(ExtensibilityGlobals) = postSolution
		SolutionGuid = {CE386EA8-BF3E-4F20-9A9B-5BEF9A3C3523}
	EndGlobalSection
EndGlobal
